
Microsoft Visual Studio Solution File, Format Version 12.00
# Visual Studio Version 16
VisualStudioVersion = 16.0.29418.71
MinimumVisualStudioVersion = 10.0.40219.1
Project("{9A19103F-16F7-4668-BE54-9A1E7A4F7556}") = "Links", "src\Links.csproj", "{C285E76B-14E0-4622-903D-9698937FDF78}"
EndProject
Project("{9A19103F-16F7-4668-BE54-9A1E7A4F7556}") = "play", "play\play.csproj", "{66884015-F450-4804-A882-5BC2B5F985FC}"
EndProject
Project("{2150E333-8FDC-42A3-9474-1A3956D46DE8}") = "Repo", "Repo", "{DA2385E5-7CBF-404C-A193-6F343F89C669}"
	ProjectSection(SolutionItems) = preProject
		.gitattributes = .gitattributes
		.gitignore = .gitignore
		LICENSE = LICENSE
		README.md = README.md
	EndProjectSection
EndProject
Global
	GlobalSection(SolutionConfigurationPlatforms) = preSolution
		Debug|Any CPU = Debug|Any CPU
		Release|Any CPU = Release|Any CPU
	EndGlobalSection
	GlobalSection(ProjectConfigurationPlatforms) = postSolution
		{C285E76B-14E0-4622-903D-9698937FDF78}.Debug|Any CPU.ActiveCfg = Debug|Any CPU
		{C285E76B-14E0-4622-903D-9698937FDF78}.Debug|Any CPU.Build.0 = Debug|Any CPU
		{C285E76B-14E0-4622-903D-9698937FDF78}.Release|Any CPU.ActiveCfg = Release|Any CPU
		{C285E76B-14E0-4622-903D-9698937FDF78}.Release|Any CPU.Build.0 = Release|Any CPU
		{66884015-F450-4804-A882-5BC2B5F985FC}.Debug|Any CPU.ActiveCfg = Debug|Any CPU
		{66884015-F450-4804-A882-5BC2B5F985FC}.Debug|Any CPU.Build.0 = Debug|Any CPU
		{66884015-F450-4804-A882-5BC2B5F985FC}.Release|Any CPU.ActiveCfg = Release|Any CPU
		{66884015-F450-4804-A882-5BC2B5F985FC}.Release|Any CPU.Build.0 = Release|Any CPU
	EndGlobalSection
	GlobalSection(SolutionProperties) = preSolution
		HideSolutionNode = FALSE
	EndGlobalSection
	GlobalSection(ExtensibilityGlobals) = postSolution
		SolutionGuid = {7B740890-3ED7-4C59-A7FB-FC78C77DF643}
	EndGlobalSection
EndGlobal
